
Microsoft Visual Studio Solution File, Format Version 12.00
# Visual Studio Version 17
VisualStudioVersion = 17.5.33502.453
MinimumVisualStudioVersion = 10.0.40219.1
Project("{FAE04EC0-301F-11D3-BF4B-00C04F79EFBC}") = "matrixSiruriVerticale", "matrixSiruriVerticale\matrixSiruriVerticale.csproj", "{EC5374A6-2B2E-4E2D-B211-E0B075F20B58}"
EndProject
Global
	GlobalSection(SolutionConfigurationPlatforms) = preSolution
		Debug|Any CPU = Debug|Any CPU
		Release|Any CPU = Release|Any CPU
	EndGlobalSection
	GlobalSection(ProjectConfigurationPlatforms) = postSolution
		{EC5374A6-2B2E-4E2D-B211-E0B075F20B58}.Debug|Any CPU.ActiveCfg = Debug|Any CPU
		{EC5374A6-2B2E-4E2D-B211-E0B075F20B58}.Debug|Any CPU.Build.0 = Debug|Any CPU
		{EC5374A6-2B2E-4E2D-B211-E0B075F20B58}.Release|Any CPU.ActiveCfg = Release|Any CPU
		{EC5374A6-2B2E-4E2D-B211-E0B075F20B58}.Release|Any CPU.Build.0 = Release|Any CPU
	EndGlobalSection
	GlobalSection(SolutionProperties) = preSolution
		HideSolutionNode = FALSE
	EndGlobalSection
	GlobalSection(ExtensibilityGlobals) = postSolution
		SolutionGuid = {89ACB99B-FA59-421F-8169-353CD27FD66F}
	EndGlobalSection
EndGlobal
